
Microsoft Visual Studio Solution File, Format Version 12.00
# Visual Studio Version 17
VisualStudioVersion = 17.7.34024.191
MinimumVisualStudioVersion = 10.0.40219.1
Project("{FAE04EC0-301F-11D3-BF4B-00C04F79EFBC}") = "Proyecto Final", "Proyecto Final.csproj", "{6968904A-BA0E-4D8A-AC9C-05164C577828}"
EndProject
Global
	GlobalSection(SolutionConfigurationPlatforms) = preSolution
		Debug|Any CPU = Debug|Any CPU
		Release|Any CPU = Release|Any CPU
	EndGlobalSection
	GlobalSection(ProjectConfigurationPlatforms) = postSolution
		{6968904A-BA0E-4D8A-AC9C-05164C577828}.Debug|Any CPU.ActiveCfg = Release|Any CPU
		{6968904A-BA0E-4D8A-AC9C-05164C577828}.Debug|Any CPU.Build.0 = Release|Any CPU
		{6968904A-BA0E-4D8A-AC9C-05164C577828}.Release|Any CPU.ActiveCfg = Release|Any CPU
		{6968904A-BA0E-4D8A-AC9C-05164C577828}.Release|Any CPU.Build.0 = Release|Any CPU
	EndGlobalSection
	GlobalSection(SolutionProperties) = preSolution
		HideSolutionNode = FALSE
	EndGlobalSection
	GlobalSection(ExtensibilityGlobals) = postSolution
		SolutionGuid = {4F762EFC-ECAB-4FCA-906A-DC3957B858E5}
	EndGlobalSection
EndGlobal
